
Microsoft Visual Studio Solution File, Format Version 12.00
# Visual Studio Version 17
VisualStudioVersion = 17.0.31903.59
MinimumVisualStudioVersion = 10.0.40219.1
Project("{2150E333-8FDC-42A3-9474-1A3956D46DE8}") = "src", "src", "{827E0CD3-B72D-47B6-A68D-7590B98EB39B}"
EndProject
Project("{FAE04EC0-301F-11D3-BF4B-00C04F79EFBC}") = "TrEInvoice.Calculation", "src\TrEInvoice.Calculation\TrEInvoice.Calculation.csproj", "{9B01AEDE-D358-47A7-A20A-32F0ECDF3B49}"
EndProject
Project("{FAE04EC0-301F-11D3-BF4B-00C04F79EFBC}") = "TrEInvoice.Core", "src\TrEInvoice.Core\TrEInvoice.Core.csproj", "{F6AECAE2-FFFC-4F0A-A531-1AB5D0E3953D}"
EndProject
Project("{FAE04EC0-301F-11D3-BF4B-00C04F79EFBC}") = "TrEInvoice.Ubl", "src\TrEInvoice.Ubl\TrEInvoice.Ubl.csproj", "{26A6EA28-39D1-4110-818A-6E1990D4F53B}"
EndProject
Project("{FAE04EC0-301F-11D3-BF4B-00C04F79EFBC}") = "TrEInvoice.Validation", "src\TrEInvoice.Validation\TrEInvoice.Validation.csproj", "{73376C7B-E13D-471C-851A-79CB43CB0CC6}"
EndProject
Project("{2150E333-8FDC-42A3-9474-1A3956D46DE8}") = "tests", "tests", "{0AB3BF05-4346-4AA6-1389-037BE0695223}"
EndProject
Project("{FAE04EC0-301F-11D3-BF4B-00C04F79EFBC}") = "TrEInvoice.Calculation.Tests", "tests\TrEInvoice.Calculation.Tests\TrEInvoice.Calculation.Tests.csproj", "{265FEACE-39B2-4843-95B7-32C23E90A4E9}"
EndProject
Project("{FAE04EC0-301F-11D3-BF4B-00C04F79EFBC}") = "TrEInvoice.Core.Tests", "tests\TrEInvoice.Core.Tests\TrEInvoice.Core.Tests.csproj", "{CB841DB4-A3DC-43E1-8299-7E018DB7D7C8}"
EndProject
Project("{FAE04EC0-301F-11D3-BF4B-00C04F79EFBC}") = "TrEInvoice.Ubl.Tests", "tests\TrEInvoice.Ubl.Tests\TrEInvoice.Ubl.Tests.csproj", "{34D7D145-30D2-47B9-BA7E-2ACAB8FCB3C8}"
EndProject
Project("{FAE04EC0-301F-11D3-BF4B-00C04F79EFBC}") = "TrEInvoice.Validation.Tests", "tests\TrEInvoice.Validation.Tests\TrEInvoice.Validation.Tests.csproj", "{5AF8E64A-E3E7-41DC-9A43-239351B97EFB}"
EndProject
Global
	GlobalSection(SolutionConfigurationPlatforms) = preSolution
		Debug|Any CPU = Debug|Any CPU
		Debug|x64 = Debug|x64
		Debug|x86 = Debug|x86
		Release|Any CPU = Release|Any CPU
		Release|x64 = Release|x64
		Release|x86 = Release|x86
	EndGlobalSection
	GlobalSection(ProjectConfigurationPlatforms) = postSolution
		{9B01AEDE-D358-47A7-A20A-32F0ECDF3B49}.Debug|Any CPU.ActiveCfg = Debug|Any CPU
		{9B01AEDE-D358-47A7-A20A-32F0ECDF3B49}.Debug|Any CPU.Build.0 = Debug|Any CPU
		{9B01AEDE-D358-47A7-A20A-32F0ECDF3B49}.Debug|x64.ActiveCfg = Debug|Any CPU
		{9B01AEDE-D358-47A7-A20A-32F0ECDF3B49}.Debug|x64.Build.0 = Debug|Any CPU
		{9B01AEDE-D358-47A7-A20A-32F0ECDF3B49}.Debug|x86.ActiveCfg = Debug|Any CPU
		{9B01AEDE-D358-47A7-A20A-32F0ECDF3B49}.Debug|x86.Build.0 = Debug|Any CPU
		{9B01AEDE-D358-47A7-A20A-32F0ECDF3B49}.Release|Any CPU.ActiveCfg = Release|Any CPU
		{9B01AEDE-D358-47A7-A20A-32F0ECDF3B49}.Release|Any CPU.Build.0 = Release|Any CPU
		{9B01AEDE-D358-47A7-A20A-32F0ECDF3B49}.Release|x64.ActiveCfg = Release|Any CPU
		{9B01AEDE-D358-47A7-A20A-32F0ECDF3B49}.Release|x64.Build.0 = Release|Any CPU
		{9B01AEDE-D358-47A7-A20A-32F0ECDF3B49}.Release|x86.ActiveCfg = Release|Any CPU
		{9B01AEDE-D358-47A7-A20A-32F0ECDF3B49}.Release|x86.Build.0 = Release|Any CPU
		{F6AECAE2-FFFC-4F0A-A531-1AB5D0E3953D}.Debug|Any CPU.ActiveCfg = Debug|Any CPU
		{F6AECAE2-FFFC-4F0A-A531-1AB5D0E3953D}.Debug|Any CPU.Build.0 = Debug|Any CPU
		{F6AECAE2-FFFC-4F0A-A531-1AB5D0E3953D}.Debug|x64.ActiveCfg = Debug|Any CPU
		{F6AECAE2-FFFC-4F0A-A531-1AB5D0E3953D}.Debug|x64.Build.0 = Debug|Any CPU
		{F6AECAE2-FFFC-4F0A-A531-1AB5D0E3953D}.Debug|x86.ActiveCfg = Debug|Any CPU
		{F6AECAE2-FFFC-4F0A-A531-1AB5D0E3953D}.Debug|x86.Build.0 = Debug|Any CPU
		{F6AECAE2-FFFC-4F0A-A531-1AB5D0E3953D}.Release|Any CPU.ActiveCfg = Release|Any CPU
		{F6AECAE2-FFFC-4F0A-A531-1AB5D0E3953D}.Release|Any CPU.Build.0 = Release|Any CPU
		{F6AECAE2-FFFC-4F0A-A531-1AB5D0E3953D}.Release|x64.ActiveCfg = Release|Any CPU
		{F6AECAE2-FFFC-4F0A-A531-1AB5D0E3953D}.Release|x64.Build.0 = Release|Any CPU
		{F6AECAE2-FFFC-4F0A-A531-1AB5D0E3953D}.Release|x86.ActiveCfg = Release|Any CPU
		{F6AECAE2-FFFC-4F0A-A531-1AB5D0E3953D}.Release|x86.Build.0 = Release|Any CPU
		{26A6EA28-39D1-4110-818A-6E1990D4F53B}.Debug|Any CPU.ActiveCfg = Debug|Any CPU
		{26A6EA28-39D1-4110-818A-6E1990D4F53B}.Debug|Any CPU.Build.0 = Debug|Any CPU
		{26A6EA28-39D1-4110-818A-6E1990D4F53B}.Debug|x64.ActiveCfg = Debug|Any CPU
		{26A6EA28-39D1-4110-818A-6E1990D4F53B}.Debug|x64.Build.0 = Debug|Any CPU
		{26A6EA28-39D1-4110-818A-6E1990D4F53B}.Debug|x86.ActiveCfg = Debug|Any CPU
		{26A6EA28-39D1-4110-818A-6E1990D4F53B}.Debug|x86.Build.0 = Debug|Any CPU
		{26A6EA28-39D1-4110-818A-6E1990D4F53B}.Release|Any CPU.ActiveCfg = Release|Any CPU
		{26A6EA28-39D1-4110-818A-6E1990D4F53B}.Release|Any CPU.Build.0 = Release|Any CPU
		{26A6EA28-39D1-4110-818A-6E1990D4F53B}.Release|x64.ActiveCfg = Release|Any CPU
		{26A6EA28-39D1-4110-818A-6E1990D4F53B}.Release|x64.Build.0 = Release|Any CPU
		{26A6EA28-39D1-4110-818A-6E1990D4F53B}.Release|x86.ActiveCfg = Release|Any CPU
		{26A6EA28-39D1-4110-818A-6E1990D4F53B}.Release|x86.Build.0 = Release|Any CPU
		{73376C7B-E13D-471C-851A-79CB43CB0CC6}.Debug|Any CPU.ActiveCfg = Debug|Any CPU
		{73376C7B-E13D-471C-851A-79CB43CB0CC6}.Debug|Any CPU.Build.0 = Debug|Any CPU
		{73376C7B-E13D-471C-851A-79CB43CB0CC6}.Debug|x64.ActiveCfg = Debug|Any CPU
		{73376C7B-E13D-471C-851A-79CB43CB0CC6}.Debug|x64.Build.0 = Debug|Any CPU
		{73376C7B-E13D-471C-851A-79CB43CB0CC6}.Debug|x86.ActiveCfg = Debug|Any CPU
		{73376C7B-E13D-471C-851A-79CB43CB0CC6}.Debug|x86.Build.0 = Debug|Any CPU
		{73376C7B-E13D-471C-851A-79CB43CB0CC6}.Release|Any CPU.ActiveCfg = Release|Any CPU
		{73376C7B-E13D-471C-851A-79CB43CB0CC6}.Release|Any CPU.Build.0 = Release|Any CPU
		{73376C7B-E13D-471C-851A-79CB43CB0CC6}.Release|x64.ActiveCfg = Release|Any CPU
		{73376C7B-E13D-471C-851A-79CB43CB0CC6}.Release|x64.Build.0 = Release|Any CPU
		{73376C7B-E13D-471C-851A-79CB43CB0CC6}.Release|x86.ActiveCfg = Release|Any CPU
		{73376C7B-E13D-471C-851A-79CB43CB0CC6}.Release|x86.Build.0 = Release|Any CPU
		{265FEACE-39B2-4843-95B7-32C23E90A4E9}.Debug|Any CPU.ActiveCfg = Debug|Any CPU
		{265FEACE-39B2-4843-95B7-32C23E90A4E9}.Debug|Any CPU.Build.0 = Debug|Any CPU
		{265FEACE-39B2-4843-95B7-32C23E90A4E9}.Debug|x64.ActiveCfg = Debug|Any CPU
		{265FEACE-39B2-4843-95B7-32C23E90A4E9}.Debug|x64.Build.0 = Debug|Any CPU
		{265FEACE-39B2-4843-95B7-32C23E90A4E9}.Debug|x86.ActiveCfg = Debug|Any CPU
		{265FEACE-39B2-4843-95B7-32C23E90A4E9}.Debug|x86.Build.0 = Debug|Any CPU
		{265FEACE-39B2-4843-95B7-32C23E90A4E9}.Release|Any CPU.ActiveCfg = Release|Any CPU
		{265FEACE-39B2-4843-95B7-32C23E90A4E9}.Release|Any CPU.Build.0 = Release|Any CPU
		{265FEACE-39B2-4843-95B7-32C23E90A4E9}.Release|x64.ActiveCfg = Release|Any CPU
		{265FEACE-39B2-4843-95B7-32C23E90A4E9}.Release|x64.Build.0 = Release|Any CPU
		{265FEACE-39B2-4843-95B7-32C23E90A4E9}.Release|x86.ActiveCfg = Release|Any CPU
		{265FEACE-39B2-4843-95B7-32C23E90A4E9}.Release|x86.Build.0 = Release|Any CPU
		{CB841DB4-A3DC-43E1-8299-7E018DB7D7C8}.Debug|Any CPU.ActiveCfg = Debug|Any CPU
		{CB841DB4-A3DC-43E1-8299-7E018DB7D7C8}.Debug|Any CPU.Build.0 = Debug|Any CPU
		{CB841DB4-A3DC-43E1-8299-7E018DB7D7C8}.Debug|x64.ActiveCfg = Debug|Any CPU
		{CB841DB4-A3DC-43E1-8299-7E018DB7D7C8}.Debug|x64.Build.0 = Debug|Any CPU
		{CB841DB4-A3DC-43E1-8299-7E018DB7D7C8}.Debug|x86.ActiveCfg = Debug|Any CPU
		{CB841DB4-A3DC-43E1-8299-7E018DB7D7C8}.Debug|x86.Build.0 = Debug|Any CPU
		{CB841DB4-A3DC-43E1-8299-7E018DB7D7C8}.Release|Any CPU.ActiveCfg = Release|Any CPU
		{CB841DB4-A3DC-43E1-8299-7E018DB7D7C8}.Release|Any CPU.Build.0 = Release|Any CPU
		{CB841DB4-A3DC-43E1-8299-7E018DB7D7C8}.Release|x64.ActiveCfg = Release|Any CPU
		{CB841DB4-A3DC-43E1-8299-7E018DB7D7C8}.Release|x64.Build.0 = Release|Any CPU
		{CB841DB4-A3DC-43E1-8299-7E018DB7D7C8}.Release|x86.ActiveCfg = Release|Any CPU
		{CB841DB4-A3DC-43E1-8299-7E018DB7D7C8}.Release|x86.Build.0 = Release|Any CPU
		{34D7D145-30D2-47B9-BA7E-2ACAB8FCB3C8}.Debug|Any CPU.ActiveCfg = Debug|Any CPU
		{34D7D145-30D2-47B9-BA7E-2ACAB8FCB3C8}.Debug|Any CPU.Build.0 = Debug|Any CPU
		{34D7D145-30D2-47B9-BA7E-2ACAB8FCB3C8}.Debug|x64.ActiveCfg = Debug|Any CPU
		{34D7D145-30D2-47B9-BA7E-2ACAB8FCB3C8}.Debug|x64.Build.0 = Debug|Any CPU
		{34D7D145-30D2-47B9-BA7E-2ACAB8FCB3C8}.Debug|x86.ActiveCfg = Debug|Any CPU
		{34D7D145-30D2-47B9-BA7E-2ACAB8FCB3C8}.Debug|x86.Build.0 = Debug|Any CPU
		{34D7D145-30D2-47B9-BA7E-2ACAB8FCB3C8}.Release|Any CPU.ActiveCfg = Release|Any CPU
		{34D7D145-30D2-47B9-BA7E-2ACAB8FCB3C8}.Release|Any CPU.Build.0 = Release|Any CPU
		{34D7D145-30D2-47B9-BA7E-2ACAB8FCB3C8}.Release|x64.ActiveCfg = Release|Any CPU
		{34D7D145-30D2-47B9-BA7E-2ACAB8FCB3C8}.Release|x64.Build.0 = Release|Any CPU
		{34D7D145-30D2-47B9-BA7E-2ACAB8FCB3C8}.Release|x86.ActiveCfg = Release|Any CPU
		{34D7D145-30D2-47B9-BA7E-2ACAB8FCB3C8}.Release|x86.Build.0 = Release|Any CPU
		{5AF8E64A-E3E7-41DC-9A43-239351B97EFB}.Debug|Any CPU.ActiveCfg = Debug|Any CPU
		{5AF8E64A-E3E7-41DC-9A43-239351B97EFB}.Debug|Any CPU.Build.0 = Debug|Any CPU
		{5AF8E64A-E3E7-41DC-9A43-239351B97EFB}.Debug|x64.ActiveCfg = Debug|Any CPU
		{5AF8E64A-E3E7-41DC-9A43-239351B97EFB}.Debug|x64.Build.0 = Debug|Any CPU
		{5AF8E64A-E3E7-41DC-9A43-239351B97EFB}.Debug|x86.ActiveCfg = Debug|Any CPU
		{5AF8E64A-E3E7-41DC-9A43-239351B97EFB}.Debug|x86.Build.0 = Debug|Any CPU
		{5AF8E64A-E3E7-41DC-9A43-239351B97EFB}.Release|Any CPU.ActiveCfg = Release|Any CPU
		{5AF8E64A-E3E7-41DC-9A43-239351B97EFB}.Release|Any CPU.Build.0 = Release|Any CPU
		{5AF8E64A-E3E7-41DC-9A43-239351B97EFB}.Release|x64.ActiveCfg = Release|Any CPU
		{5AF8E64A-E3E7-41DC-9A43-239351B97EFB}.Release|x64.Build.0 = Release|Any CPU
		{5AF8E64A-E3E7-41DC-9A43-239351B97EFB}.Release|x86.ActiveCfg = Release|Any CPU
		{5AF8E64A-E3E7-41DC-9A43-239351B97EFB}.Release|x86.Build.0 = Release|Any CPU
	EndGlobalSection
	GlobalSection(SolutionProperties) = preSolution
		HideSolutionNode = FALSE
	EndGlobalSection
	GlobalSection(NestedProjects) = preSolution
		{9B01AEDE-D358-47A7-A20A-32F0ECDF3B49} = {827E0CD3-B72D-47B6-A68D-7590B98EB39B}
		{F6AECAE2-FFFC-4F0A-A531-1AB5D0E3953D} = {827E0CD3-B72D-47B6-A68D-7590B98EB39B}
		{26A6EA28-39D1-4110-818A-6E1990D4F53B} = {827E0CD3-B72D-47B6-A68D-7590B98EB39B}
		{73376C7B-E13D-471C-851A-79CB43CB0CC6} = {827E0CD3-B72D-47B6-A68D-7590B98EB39B}
		{265FEACE-39B2-4843-95B7-32C23E90A4E9} = {0AB3BF05-4346-4AA6-1389-037BE0695223}
		{CB841DB4-A3DC-43E1-8299-7E018DB7D7C8} = {0AB3BF05-4346-4AA6-1389-037BE0695223}
		{34D7D145-30D2-47B9-BA7E-2ACAB8FCB3C8} = {0AB3BF05-4346-4AA6-1389-037BE0695223}
		{5AF8E64A-E3E7-41DC-9A43-239351B97EFB} = {0AB3BF05-4346-4AA6-1389-037BE0695223}
	EndGlobalSection
EndGlobal
